# This file was autogenerated by Stack.
# You should not edit this file by hand.
# For more information, please see the documentation at:
#   https://docs.haskellstack.org/en/stable/lock_files

snapshots:
- original:
    url: https://raw.githubusercontent.com/commercialhaskell/stackage-snapshots/master/lts/17/5.yaml
  completed:
    sha256: 78e8ebabf11406261abbc95b44f240acf71802630b368888f6d758de7fc3a2f7
    url: https://raw.githubusercontent.com/commercialhaskell/stackage-snapshots/master/lts/17/5.yaml
    size: 565266
packages:
- original:
    hackage: wai-middleware-throttle-0.3.0.1@sha256:8da81c156abbcaee3bdda60763bb9780ae1b9ff447bd5580202c0e0f5f8f7bcb,2522
  completed:
    pantry-tree:
      sha256: 56584655c32e438551e9abc02de0223a50504e6c4aca3f2707aedaa3048651bd
      size: 451
    hackage: wai-middleware-throttle-0.3.0.1@sha256:8da81c156abbcaee3bdda60763bb9780ae1b9ff447bd5580202c0e0f5f8f7bcb,2522
- original:
    hackage: token-bucket-0.1.0.1@sha256:db106f1b585bf591ee6c621ed2f7d81f8219c1af1300fc262a987c78998fe496,1899
  completed:
    pantry-tree:
      sha256: 6917750caa0f9c7ed69b529344e26fdbec2b798bfd8455dcb50b02bc6a3f23e5
      size: 399
    hackage: token-bucket-0.1.0.1@sha256:db106f1b585bf591ee6c621ed2f7d81f8219c1af1300fc262a987c78998fe496,1899
